
Microsoft Visual Studio Solution File, Format Version 12.00
# Visual Studio Version 17
VisualStudioVersion = 17.8.34408.163
MinimumVisualStudioVersion = 10.0.40219.1
Project("{2150E333-8FDC-42A3-9474-1A3956D46DE8}") = "Prompts", "Prompts", "{E07DAB17-7FBF-413B-B12C-111421B027EC}"
EndProject
Project("{2150E333-8FDC-42A3-9474-1A3956D46DE8}") = "Planners", "Planners", "{6FC78F5D-B4B0-4BE8-994A-5961BF840ED8}"
EndProject
Project("{2150E333-8FDC-42A3-9474-1A3956D46DE8}") = "Agents", "Agents", "{14145754-169B-4B1C-ADD5-239C84EFCA3A}"
EndProject
Project("{2150E333-8FDC-42A3-9474-1A3956D46DE8}") = "Memory", "Memory", "{1C5C0178-B1D8-43BF-9343-E1E77FC7D82C}"
EndProject
Project("{2150E333-8FDC-42A3-9474-1A3956D46DE8}") = "Custom", "Custom", "{EB70A3B4-E2A5-4655-8873-C2F6E7BC448C}"
EndProject
Global
	GlobalSection(SolutionProperties) = preSolution
		HideSolutionNode = FALSE
	EndGlobalSection
	GlobalSection(ExtensibilityGlobals) = postSolution
		SolutionGuid = {919421F9-9701-4A82-BAF9-F33BD54AEEE1}
	EndGlobalSection
EndGlobal
